
Microsoft Visual Studio Solution File, Format Version 12.00
# Visual Studio Version 17
VisualStudioVersion = 17.3.32804.467
MinimumVisualStudioVersion = 10.0.40219.1
Project("{9A19103F-16F7-4668-BE54-9A1E7A4F7556}") = "Boitumelo.BetSoftwareWebAPI", "Boitumelo.BetSoftwareWebAPI\Boitumelo.BetSoftwareWebAPI.csproj", "{77A0BA83-3977-40C6-BC94-120A57ED2EC9}"
EndProject
Project("{00D1A9C2-B5F0-4AF3-8072-F6C62B433612}") = "BetSoftwareDB", "BetSoftwareDB\BetSoftwareDB.sqlproj", "{F054178B-BE60-45D5-9998-172E58EFB508}"
EndProject
Project("{9A19103F-16F7-4668-BE54-9A1E7A4F7556}") = "Boitumelo.BetSoftwareDataAccess", "Boitumelo.BetSoftwareDataAccess\Boitumelo.BetSoftwareDataAccess.csproj", "{C9D8DFDD-FFD7-424E-A683-31A5CFCCE3C9}"
EndProject
Project("{2150E333-8FDC-42A3-9474-1A3956D46DE8}") = "Solution Items", "Solution Items", "{71D951C4-B6EB-48B1-9229-52D91A426A04}"
	ProjectSection(SolutionItems) = preProject
		.editorconfig = .editorconfig
	EndProjectSection
EndProject
Project("{FAE04EC0-301F-11D3-BF4B-00C04F79EFBC}") = "Boitumelo.BetSoftwareWeb", "Boitumelo.BetSoftwareWeb\Boitumelo.BetSoftwareWeb.csproj", "{8FD88462-6F9E-4262-B118-FEA3B137AD0E}"
EndProject
Global
	GlobalSection(SolutionConfigurationPlatforms) = preSolution
		Debug|Any CPU = Debug|Any CPU
		Release|Any CPU = Release|Any CPU
	EndGlobalSection
	GlobalSection(ProjectConfigurationPlatforms) = postSolution
		{77A0BA83-3977-40C6-BC94-120A57ED2EC9}.Debug|Any CPU.ActiveCfg = Debug|Any CPU
		{77A0BA83-3977-40C6-BC94-120A57ED2EC9}.Debug|Any CPU.Build.0 = Debug|Any CPU
		{77A0BA83-3977-40C6-BC94-120A57ED2EC9}.Release|Any CPU.ActiveCfg = Release|Any CPU
		{77A0BA83-3977-40C6-BC94-120A57ED2EC9}.Release|Any CPU.Build.0 = Release|Any CPU
		{F054178B-BE60-45D5-9998-172E58EFB508}.Debug|Any CPU.ActiveCfg = Debug|Any CPU
		{F054178B-BE60-45D5-9998-172E58EFB508}.Debug|Any CPU.Build.0 = Debug|Any CPU
		{F054178B-BE60-45D5-9998-172E58EFB508}.Debug|Any CPU.Deploy.0 = Debug|Any CPU
		{F054178B-BE60-45D5-9998-172E58EFB508}.Release|Any CPU.ActiveCfg = Release|Any CPU
		{F054178B-BE60-45D5-9998-172E58EFB508}.Release|Any CPU.Build.0 = Release|Any CPU
		{F054178B-BE60-45D5-9998-172E58EFB508}.Release|Any CPU.Deploy.0 = Release|Any CPU
		{C9D8DFDD-FFD7-424E-A683-31A5CFCCE3C9}.Debug|Any CPU.ActiveCfg = Debug|Any CPU
		{C9D8DFDD-FFD7-424E-A683-31A5CFCCE3C9}.Debug|Any CPU.Build.0 = Debug|Any CPU
		{C9D8DFDD-FFD7-424E-A683-31A5CFCCE3C9}.Release|Any CPU.ActiveCfg = Release|Any CPU
		{C9D8DFDD-FFD7-424E-A683-31A5CFCCE3C9}.Release|Any CPU.Build.0 = Release|Any CPU
		{8FD88462-6F9E-4262-B118-FEA3B137AD0E}.Debug|Any CPU.ActiveCfg = Debug|Any CPU
		{8FD88462-6F9E-4262-B118-FEA3B137AD0E}.Debug|Any CPU.Build.0 = Debug|Any CPU
		{8FD88462-6F9E-4262-B118-FEA3B137AD0E}.Release|Any CPU.ActiveCfg = Release|Any CPU
		{8FD88462-6F9E-4262-B118-FEA3B137AD0E}.Release|Any CPU.Build.0 = Release|Any CPU
	EndGlobalSection
	GlobalSection(SolutionProperties) = preSolution
		HideSolutionNode = FALSE
	EndGlobalSection
	GlobalSection(ExtensibilityGlobals) = postSolution
		SolutionGuid = {D0290465-6F14-4A1A-81E9-F3482D1CC913}
	EndGlobalSection
EndGlobal
